
Microsoft Visual Studio Solution File, Format Version 12.00
# Visual Studio Version 16
VisualStudioVersion = 16.0.31410.357
MinimumVisualStudioVersion = 10.0.40219.1
Project("{FAE04EC0-301F-11D3-BF4B-00C04F79EFBC}") = "CodeFirstApplication", "CodeFirstApplication\CodeFirstApplication.csproj", "{ACD92F9C-D2A3-47BB-ABDF-91E932383AA5}"
EndProject
Global
	GlobalSection(SolutionConfigurationPlatforms) = preSolution
		Debug|Any CPU = Debug|Any CPU
		Release|Any CPU = Release|Any CPU
	EndGlobalSection
	GlobalSection(ProjectConfigurationPlatforms) = postSolution
		{ACD92F9C-D2A3-47BB-ABDF-91E932383AA5}.Debug|Any CPU.ActiveCfg = Debug|Any CPU
		{ACD92F9C-D2A3-47BB-ABDF-91E932383AA5}.Debug|Any CPU.Build.0 = Debug|Any CPU
		{ACD92F9C-D2A3-47BB-ABDF-91E932383AA5}.Release|Any CPU.ActiveCfg = Release|Any CPU
		{ACD92F9C-D2A3-47BB-ABDF-91E932383AA5}.Release|Any CPU.Build.0 = Release|Any CPU
	EndGlobalSection
	GlobalSection(SolutionProperties) = preSolution
		HideSolutionNode = FALSE
	EndGlobalSection
	GlobalSection(ExtensibilityGlobals) = postSolution
		SolutionGuid = {D9847792-D41E-40A6-B343-DE33647D7901}
	EndGlobalSection
EndGlobal
